// !$*UTF8*$!
{
	archiveVersion = 1;
	classes = {
	};
	objectVersion = 46;
	objects = {

/* Begin PBXBuildFile section */
		3257DECA171069F600C32F61 /* UIKit.framework in Frameworks */ = {isa = PBXBuildFile; fileRef = 3257DEC9171069F600C32F61 /* UIKit.framework */; };
		3257DECC171069F600C32F61 /* Foundation.framework in Frameworks */ = {isa = PBXBuildFile; fileRef = 3257DECB171069F600C32F61 /* Foundation.framework */; };
		3257DECE171069F600C32F61 /* CoreGraphics.framework in Frameworks */ = {isa = PBXBuildFile; fileRef = 3257DECD171069F600C32F61 /* CoreGraphics.framework */; };
		3257DED4171069F600C32F61 /* InfoPlist.strings in Resources */ = {isa = PBXBuildFile; fileRef = 3257DED2171069F600C32F61 /* InfoPlist.strings */; };
		3257DED6171069F600C32F61 /* main.m in Sources */ = {isa = PBXBuildFile; fileRef = 3257DED5171069F600C32F61 /* main.m */; };
		3257DEDA171069F600C32F61 /* HNAAppDelegate.m in Sources */ = {isa = PBXBuildFile; fileRef = 3257DED9171069F600C32F61 /* HNAAppDelegate.m */; };
		3257DEDC171069F600C32F61 /* Default.png in Resources */ = {isa = PBXBuildFile; fileRef = 3257DEDB171069F600C32F61 /* Default.png */; };
		3257DEDE171069F600C32F61 /* Default@2x.png in Resources */ = {isa = PBXBuildFile; fileRef = 3257DEDD171069F600C32F61 /* Default@2x.png */; };
		3257DEE0171069F600C32F61 /* Default-568h@2x.png in Resources */ = {isa = PBXBuildFile; fileRef = 3257DEDF171069F600C32F61 /* Default-568h@2x.png */; };
		3257DEE3171069F600C32F61 /* HNAMasterViewController.m in Sources */ = {isa = PBXBuildFile; fileRef = 3257DEE2171069F600C32F61 /* HNAMasterViewController.m */; };
		3257DEE6171069F600C32F61 /* HNADetailViewController.m in Sources */ = {isa = PBXBuildFile; fileRef = 3257DEE5171069F600C32F61 /* HNADetailViewController.m */; };
		3257DEE9171069F600C32F61 /* HNAMasterViewController.xib in Resources */ = {isa = PBXBuildFile; fileRef = 3257DEE7171069F600C32F61 /* HNAMasterViewController.xib */; };
		3257DEEC171069F600C32F61 /* HNADetailViewController.xib in Resources */ = {isa = PBXBuildFile; fileRef = 3257DEEA171069F600C32F61 /* HNADetailViewController.xib */; };
		3257DEF417106B4200C32F61 /* HNARSSEntry.m in Sources */ = {isa = PBXBuildFile; fileRef = 3257DEF317106B4200C32F61 /* HNARSSEntry.m */; };
		32DCF4E7171083FD00E5DED2 /* ASIAuthenticationDialog.m in Sources */ = {isa = PBXBuildFile; fileRef = 32DCF4D4171083FD00E5DED2 /* ASIAuthenticationDialog.m */; };
		32DCF4E8171083FD00E5DED2 /* ASIDataCompressor.m in Sources */ = {isa = PBXBuildFile; fileRef = 32DCF4D7171083FD00E5DED2 /* ASIDataCompressor.m */; };
		32DCF4E9171083FD00E5DED2 /* ASIDataDecompressor.m in Sources */ = {isa = PBXBuildFile; fileRef = 32DCF4D9171083FD00E5DED2 /* ASIDataDecompressor.m */; };
		32DCF4EA171083FD00E5DED2 /* ASIDownloadCache.m in Sources */ = {isa = PBXBuildFile; fileRef = 32DCF4DB171083FD00E5DED2 /* ASIDownloadCache.m */; };
		32DCF4EB171083FD00E5DED2 /* ASIFormDataRequest.m in Sources */ = {isa = PBXBuildFile; fileRef = 32DCF4DD171083FD00E5DED2 /* ASIFormDataRequest.m */; };
		32DCF4EC171083FD00E5DED2 /* ASIHTTPRequest.m in Sources */ = {isa = PBXBuildFile; fileRef = 32DCF4DF171083FD00E5DED2 /* ASIHTTPRequest.m */; };
		32DCF4ED171083FD00E5DED2 /* ASIInputStream.m in Sources */ = {isa = PBXBuildFile; fileRef = 32DCF4E3171083FD00E5DED2 /* ASIInputStream.m */; };
		32DCF4EE171083FD00E5DED2 /* ASINetworkQueue.m in Sources */ = {isa = PBXBuildFile; fileRef = 32DCF4E5171083FD00E5DED2 /* ASINetworkQueue.m */; };
		32DCF4F11710843500E5DED2 /* Reachability.m in Sources */ = {isa = PBXBuildFile; fileRef = 32DCF4F01710843500E5DED2 /* Reachability.m */; };
		32DCF4F3171084B500E5DED2 /* CFNetwork.framework in Frameworks */ = {isa = PBXBuildFile; fileRef = 32DCF4F2171084B500E5DED2 /* CFNetwork.framework */; };
		32DCF4F5171084C500E5DED2 /* SystemConfiguration.framework in Frameworks */ = {isa = PBXBuildFile; fileRef = 32DCF4F4171084C500E5DED2 /* SystemConfiguration.framework */; };
		32DCF4F7171084D000E5DED2 /* MobileCoreServices.framework in Frameworks */ = {isa = PBXBuildFile; fileRef = 32DCF4F6171084D000E5DED2 /* MobileCoreServices.framework */; };
		32DCF4F9171084ED00E5DED2 /* libz.1.2.5.dylib in Frameworks */ = {isa = PBXBuildFile; fileRef = 32DCF4F8171084ED00E5DED2 /* libz.1.2.5.dylib */; };
/* End PBXBuildFile section */

/* Begin PBXFileReference section */
		3257DEC5171069F600C32F61 /* RSSReaderDemo.app */ = {isa = PBXFileReference; explicitFileType = wrapper.application; includeInIndex = 0; path = RSSReaderDemo.app; sourceTree = BUILT_PRODUCTS_DIR; };
		3257DEC9171069F600C32F61 /* UIKit.framework */ = {isa = PBXFileReference; lastKnownFileType = wrapper.framework; name = UIKit.framework; path = System/Library/Frameworks/UIKit.framework; sourceTree = SDKROOT; };
		3257DECB171069F600C32F61 /* Foundation.framework */ = {isa = PBXFileReference; lastKnownFileType = wrapper.framework; name = Foundation.framework; path = System/Library/Frameworks/Foundation.framework; sourceTree = SDKROOT; };
		3257DECD171069F600C32F61 /* CoreGraphics.framework */ = {isa = PBXFileReference; lastKnownFileType = wrapper.framework; name = CoreGraphics.framework; path = System/Library/Frameworks/CoreGraphics.framework; sourceTree = SDKROOT; };
		3257DED1171069F600C32F61 /* RSSReaderDemo-Info.plist */ = {isa = PBXFileReference; lastKnownFileType = text.plist.xml; path = "RSSReaderDemo-Info.plist"; sourceTree = "<group>"; };
		3257DED3171069F600C32F61 /* en */ = {isa = PBXFileReference; lastKnownFileType = text.plist.strings; name = en; path = en.lproj/InfoPlist.strings; sourceTree = "<group>"; };
		3257DED5171069F600C32F61 /* main.m */ = {isa = PBXFileReference; lastKnownFileType = sourcecode.c.objc; path = main.m; sourceTree = "<group>"; };
		3257DED7171069F600C32F61 /* RSSReaderDemo-Prefix.pch */ = {isa = PBXFileReference; lastKnownFileType = sourcecode.c.h; path = "RSSReaderDemo-Prefix.pch"; sourceTree = "<group>"; };
		3257DED8171069F600C32F61 /* HNAAppDelegate.h */ = {isa = PBXFileReference; lastKnownFileType = sourcecode.c.h; path = HNAAppDelegate.h; sourceTree = "<group>"; };
		3257DED9171069F600C32F61 /* HNAAppDelegate.m */ = {isa = PBXFileReference; lastKnownFileType = sourcecode.c.objc; path = HNAAppDelegate.m; sourceTree = "<group>"; };
		3257DEDB171069F600C32F61 /* Default.png */ = {isa = PBXFileReference; lastKnownFileType = image.png; path = Default.png; sourceTree = "<group>"; };
		3257DEDD171069F600C32F61 /* Default@2x.png */ = {isa = PBXFileReference; lastKnownFileType = image.png; path = "Default@2x.png"; sourceTree = "<group>"; };
		3257DEDF171069F600C32F61 /* Default-568h@2x.png */ = {isa = PBXFileReference; lastKnownFileType = image.png; path = "Default-568h@2x.png"; sourceTree = "<group>"; };
		3257DEE1171069F600C32F61 /* HNAMasterViewController.h */ = {isa = PBXFileReference; lastKnownFileType = sourcecode.c.h; path = HNAMasterViewController.h; sourceTree = "<group>"; };
		3257DEE2171069F600C32F61 /* HNAMasterViewController.m */ = {isa = PBXFileReference; lastKnownFileType = sourcecode.c.objc; path = HNAMasterViewController.m; sourceTree = "<group>"; };
		3257DEE4171069F600C32F61 /* HNADetailViewController.h */ = {isa = PBXFileReference; lastKnownFileType = sourcecode.c.h; path = HNADetailViewController.h; sourceTree = "<group>"; };
		3257DEE5171069F600C32F61 /* HNADetailViewController.m */ = {isa = PBXFileReference; lastKnownFileType = sourcecode.c.objc; path = HNADetailViewController.m; sourceTree = "<group>"; };
		3257DEE8171069F600C32F61 /* en */ = {isa = PBXFileReference; lastKnownFileType = file.xib; name = en; path = en.lproj/HNAMasterViewController.xib; sourceTree = "<group>"; };
		3257DEEB171069F600C32F61 /* en */ = {isa = PBXFileReference; lastKnownFileType = file.xib; name = en; path = en.lproj/HNADetailViewController.xib; sourceTree = "<group>"; };
		3257DEF217106B4200C32F61 /* HNARSSEntry.h */ = {isa = PBXFileReference; fileEncoding = 4; lastKnownFileType = sourcecode.c.h; name = HNARSSEntry.h; path = ../HNARSSEntry.h; sourceTree = "<group>"; };
		3257DEF317106B4200C32F61 /* HNARSSEntry.m */ = {isa = PBXFileReference; fileEncoding = 4; lastKnownFileType = sourcecode.c.objc; name = HNARSSEntry.m; path = ../HNARSSEntry.m; sourceTree = "<group>"; };
		32DCF4D3171083FD00E5DED2 /* ASIAuthenticationDialog.h */ = {isa = PBXFileReference; fileEncoding = 4; lastKnownFileType = sourcecode.c.h; path = ASIAuthenticationDialog.h; sourceTree = "<group>"; };
		32DCF4D4171083FD00E5DED2 /* ASIAuthenticationDialog.m */ = {isa = PBXFileReference; fileEncoding = 4; lastKnownFileType = sourcecode.c.objc; path = ASIAuthenticationDialog.m; sourceTree = "<group>"; };
		32DCF4D5171083FD00E5DED2 /* ASICacheDelegate.h */ = {isa = PBXFileReference; fileEncoding = 4; lastKnownFileType = sourcecode.c.h; path = ASICacheDelegate.h; sourceTree = "<group>"; };
		32DCF4D6171083FD00E5DED2 /* ASIDataCompressor.h */ = {isa = PBXFileReference; fileEncoding = 4; lastKnownFileType = sourcecode.c.h; path = ASIDataCompressor.h; sourceTree = "<group>"; };
		32DCF4D7171083FD00E5DED2 /* ASIDataCompressor.m */ = {isa = PBXFileReference; fileEncoding = 4; lastKnownFileType = sourcecode.c.objc; path = ASIDataCompressor.m; sourceTree = "<group>"; };
		32DCF4D8171083FD00E5DED2 /* ASIDataDecompressor.h */ = {isa = PBXFileReference; fileEncoding = 4; lastKnownFileType = sourcecode.c.h; path = ASIDataDecompressor.h; sourceTree = "<group>"; };
		32DCF4D9171083FD00E5DED2 /* ASIDataDecompressor.m */ = {isa = PBXFileReference; fileEncoding = 4; lastKnownFileType = sourcecode.c.objc; path = ASIDataDecompressor.m; sourceTree = "<group>"; };
		32DCF4DA171083FD00E5DED2 /* ASIDownloadCache.h */ = {isa = PBXFileReference; fileEncoding = 4; lastKnownFileType = sourcecode.c.h; path = ASIDownloadCache.h; sourceTree = "<group>"; };
		32DCF4DB171083FD00E5DED2 /* ASIDownloadCache.m */ = {isa = PBXFileReference; fileEncoding = 4; lastKnownFileType = sourcecode.c.objc; path = ASIDownloadCache.m; sourceTree = "<group>"; };
		32DCF4DC171083FD00E5DED2 /* ASIFormDataRequest.h */ = {isa = PBXFileReference; fileEncoding = 4; lastKnownFileType = sourcecode.c.h; path = ASIFormDataRequest.h; sourceTree = "<group>"; };
		32DCF4DD171083FD00E5DED2 /* ASIFormDataRequest.m */ = {isa = PBXFileReference; fileEncoding = 4; lastKnownFileType = sourcecode.c.objc; path = ASIFormDataRequest.m; sourceTree = "<group>"; };
		32DCF4DE171083FD00E5DED2 /* ASIHTTPRequest.h */ = {isa = PBXFileReference; fileEncoding = 4; lastKnownFileType = sourcecode.c.h; path = ASIHTTPRequest.h; sourceTree = "<group>"; };
		32DCF4DF171083FD00E5DED2 /* ASIHTTPRequest.m */ = {isa = PBXFileReference; fileEncoding = 4; lastKnownFileType = sourcecode.c.objc; path = ASIHTTPRequest.m; sourceTree = "<group>"; };
		32DCF4E0171083FD00E5DED2 /* ASIHTTPRequestConfig.h */ = {isa = PBXFileReference; fileEncoding = 4; lastKnownFileType = sourcecode.c.h; path = ASIHTTPRequestConfig.h; sourceTree = "<group>"; };
		32DCF4E1171083FD00E5DED2 /* ASIHTTPRequestDelegate.h */ = {isa = PBXFileReference; fileEncoding = 4; lastKnownFileType = sourcecode.c.h; path = ASIHTTPRequestDelegate.h; sourceTree = "<group>"; };
		32DCF4E2171083FD00E5DED2 /* ASIInputStream.h */ = {isa = PBXFileReference; fileEncoding = 4; lastKnownFileType = sourcecode.c.h; path = ASIInputStream.h; sourceTree = "<group>"; };
		32DCF4E3171083FD00E5DED2 /* ASIInputStream.m */ = {isa = PBXFileReference; fileEncoding = 4; lastKnownFileType = sourcecode.c.objc; path = ASIInputStream.m; sourceTree = "<group>"; };
		32DCF4E4171083FD00E5DED2 /* ASINetworkQueue.h */ = {isa = PBXFileReference; fileEncoding = 4; lastKnownFileType = sourcecode.c.h; path = ASINetworkQueue.h; sourceTree = "<group>"; };
		32DCF4E5171083FD00E5DED2 /* ASINetworkQueue.m */ = {isa = PBXFileReference; fileEncoding = 4; lastKnownFileType = sourcecode.c.objc; path = ASINetworkQueue.m; sourceTree = "<group>"; };
		32DCF4E6171083FD00E5DED2 /* ASIProgressDelegate.h */ = {isa = PBXFileReference; fileEncoding = 4; lastKnownFileType = sourcecode.c.h; path = ASIProgressDelegate.h; sourceTree = "<group>"; };
		32DCF4EF1710843500E5DED2 /* Reachability.h */ = {isa = PBXFileReference; fileEncoding = 4; lastKnownFileType = sourcecode.c.h; path = Reachability.h; sourceTree = "<group>"; };
		32DCF4F01710843500E5DED2 /* Reachability.m */ = {isa = PBXFileReference; fileEncoding = 4; lastKnownFileType = sourcecode.c.objc; path = Reachability.m; sourceTree = "<group>"; };
		32DCF4F2171084B500E5DED2 /* CFNetwork.framework */ = {isa = PBXFileReference; lastKnownFileType = wrapper.framework; name = CFNetwork.framework; path = System/Library/Frameworks/CFNetwork.framework; sourceTree = SDKROOT; };
		32DCF4F4171084C500E5DED2 /* SystemConfiguration.framework */ = {isa = PBXFileReference; lastKnownFileType = wrapper.framework; name = SystemConfiguration.framework; path = System/Library/Frameworks/SystemConfiguration.framework; sourceTree = SDKROOT; };
		32DCF4F6171084D000E5DED2 /* MobileCoreServices.framework */ = {isa = PBXFileReference; lastKnownFileType = wrapper.framework; name = MobileCoreServices.framework; path = System/Library/Frameworks/MobileCoreServices.framework; sourceTree = SDKROOT; };
		32DCF4F8171084ED00E5DED2 /* libz.1.2.5.dylib */ = {isa = PBXFileReference; lastKnownFileType = "compiled.mach-o.dylib"; name = libz.1.2.5.dylib; path = usr/lib/libz.1.2.5.dylib; sourceTree = SDKROOT; };
/* End PBXFileReference section */

/* Begin PBXFrameworksBuildPhase section */
		3257DEC2171069F600C32F61 /* Frameworks */ = {
			isa = PBXFrameworksBuildPhase;
			buildActionMask = 2147483647;
			files = (
				32DCF4F9171084ED00E5DED2 /* libz.1.2.5.dylib in Frameworks */,
				32DCF4F7171084D000E5DED2 /* MobileCoreServices.framework in Frameworks */,
				32DCF4F5171084C500E5DED2 /* SystemConfiguration.framework in Frameworks */,
				32DCF4F3171084B500E5DED2 /* CFNetwork.framework in Frameworks */,
				3257DECA171069F600C32F61 /* UIKit.framework in Frameworks */,
				3257DECC171069F600C32F61 /* Foundation.framework in Frameworks */,
				3257DECE171069F600C32F61 /* CoreGraphics.framework in Frameworks */,
			);
			runOnlyForDeploymentPostprocessing = 0;
		};
/* End PBXFrameworksBuildPhase section */

/* Begin PBXGroup section */
		3257DEBA171069F500C32F61 = {
			isa = PBXGroup;
			children = (
				32DCF4F8171084ED00E5DED2 /* libz.1.2.5.dylib */,
				32DCF4F6171084D000E5DED2 /* MobileCoreServices.framework */,
				32DCF4F4171084C500E5DED2 /* SystemConfiguration.framework */,
				32DCF4F2171084B500E5DED2 /* CFNetwork.framework */,
				3257DECF171069F600C32F61 /* RSSReaderDemo */,
				3257DEC8171069F600C32F61 /* Frameworks */,
				3257DEC6171069F600C32F61 /* Products */,
			);
			sourceTree = "<group>";
		};
		3257DEC6171069F600C32F61 /* Products */ = {
			isa = PBXGroup;
			children = (
				3257DEC5171069F600C32F61 /* RSSReaderDemo.app */,
			);
			name = Products;
			sourceTree = "<group>";
		};
		3257DEC8171069F600C32F61 /* Frameworks */ = {
			isa = PBXGroup;
			children = (
				3257DEC9171069F600C32F61 /* UIKit.framework */,
				3257DECB171069F600C32F61 /* Foundation.framework */,
				3257DECD171069F600C32F61 /* CoreGraphics.framework */,
			);
			name = Frameworks;
			sourceTree = "<group>";
		};
		3257DECF171069F600C32F61 /* RSSReaderDemo */ = {
			isa = PBXGroup;
			children = (
				32DCF4D11710839B00E5DED2 /* ASIHTTPRequest */,
				3257DEF217106B4200C32F61 /* HNARSSEntry.h */,
				3257DEF317106B4200C32F61 /* HNARSSEntry.m */,
				3257DED8171069F600C32F61 /* HNAAppDelegate.h */,
				3257DED9171069F600C32F61 /* HNAAppDelegate.m */,
				3257DEE1171069F600C32F61 /* HNAMasterViewController.h */,
				3257DEE2171069F600C32F61 /* HNAMasterViewController.m */,
				3257DEE4171069F600C32F61 /* HNADetailViewController.h */,
				3257DEE5171069F600C32F61 /* HNADetailViewController.m */,
				3257DEE7171069F600C32F61 /* HNAMasterViewController.xib */,
				3257DEEA171069F600C32F61 /* HNADetailViewController.xib */,
				3257DED0171069F600C32F61 /* Supporting Files */,
			);
			path = RSSReaderDemo;
			sourceTree = "<group>";
		};
		3257DED0171069F600C32F61 /* Supporting Files */ = {
			isa = PBXGroup;
			children = (
				3257DED1171069F600C32F61 /* RSSReaderDemo-Info.plist */,
				3257DED2171069F600C32F61 /* InfoPlist.strings */,
				3257DED5171069F600C32F61 /* main.m */,
				3257DED7171069F600C32F61 /* RSSReaderDemo-Prefix.pch */,
				3257DEDB171069F600C32F61 /* Default.png */,
				3257DEDD171069F600C32F61 /* Default@2x.png */,
				3257DEDF171069F600C32F61 /* Default-568h@2x.png */,
			);
			name = "Supporting Files";
			sourceTree = "<group>";
		};
		32DCF4D11710839B00E5DED2 /* ASIHTTPRequest */ = {
			isa = PBXGroup;
			children = (
				32DCF4EF1710843500E5DED2 /* Reachability.h */,
				32DCF4F01710843500E5DED2 /* Reachability.m */,
				32DCF4D3171083FD00E5DED2 /* ASIAuthenticationDialog.h */,
				32DCF4D4171083FD00E5DED2 /* ASIAuthenticationDialog.m */,
				32DCF4D5171083FD00E5DED2 /* ASICacheDelegate.h */,
				32DCF4D6171083FD00E5DED2 /* ASIDataCompressor.h */,
				32DCF4D7171083FD00E5DED2 /* ASIDataCompressor.m */,
				32DCF4D8171083FD00E5DED2 /* ASIDataDecompressor.h */,
				32DCF4D9171083FD00E5DED2 /* ASIDataDecompressor.m */,
				32DCF4DA171083FD00E5DED2 /* ASIDownloadCache.h */,
				32DCF4DB171083FD00E5DED2 /* ASIDownloadCache.m */,
				32DCF4DC171083FD00E5DED2 /* ASIFormDataRequest.h */,
				32DCF4DD171083FD00E5DED2 /* ASIFormDataRequest.m */,
				32DCF4DE171083FD00E5DED2 /* ASIHTTPRequest.h */,
				32DCF4DF171083FD00E5DED2 /* ASIHTTPRequest.m */,
				32DCF4E0171083FD00E5DED2 /* ASIHTTPRequestConfig.h */,
				32DCF4E1171083FD00E5DED2 /* ASIHTTPRequestDelegate.h */,
				32DCF4E2171083FD00E5DED2 /* ASIInputStream.h */,
				32DCF4E3171083FD00E5DED2 /* ASIInputStream.m */,
				32DCF4E4171083FD00E5DED2 /* ASINetworkQueue.h */,
				32DCF4E5171083FD00E5DED2 /* ASINetworkQueue.m */,
				32DCF4E6171083FD00E5DED2 /* ASIProgressDelegate.h */,
			);
			name = ASIHTTPRequest;
			sourceTree = "<group>";
		};
/* End PBXGroup section */

/* Begin PBXNativeTarget section */
		3257DEC4171069F600C32F61 /* RSSReaderDemo */ = {
			isa = PBXNativeTarget;
			buildConfigurationList = 3257DEEF171069F600C32F61 /* Build configuration list for PBXNativeTarget "RSSReaderDemo" */;
			buildPhases = (
				3257DEC1171069F600C32F61 /* Sources */,
				3257DEC2171069F600C32F61 /* Frameworks */,
				3257DEC3171069F600C32F61 /* Resources */,
			);
			buildRules = (
			);
			dependencies = (
			);
			name = RSSReaderDemo;
			productName = RSSReaderDemo;
			productReference = 3257DEC5171069F600C32F61 /* RSSReaderDemo.app */;
			productType = "com.apple.product-type.application";
		};
/* End PBXNativeTarget section */

/* Begin PBXProject section */
		3257DEBC171069F500C32F61 /* Project object */ = {
			isa = PBXProject;
			attributes = {
				CLASSPREFIX = HNA;
				LastUpgradeCheck = 0450;
				ORGANIZATIONNAME = HoangNA;
			};
			buildConfigurationList = 3257DEBF171069F500C32F61 /* Build configuration list for PBXProject "RSSReaderDemo" */;
			compatibilityVersion = "Xcode 3.2";
			developmentRegion = English;
			hasScannedForEncodings = 0;
			knownRegions = (
				en,
			);
			mainGroup = 3257DEBA171069F500C32F61;
			productRefGroup = 3257DEC6171069F600C32F61 /* Products */;
			projectDirPath = "";
			projectRoot = "";
			targets = (
				3257DEC4171069F600C32F61 /* RSSReaderDemo */,
			);
		};
/* End PBXProject section */

/* Begin PBXResourcesBuildPhase section */
		3257DEC3171069F600C32F61 /* Resources */ = {
			isa = PBXResourcesBuildPhase;
			buildActionMask = 2147483647;
			files = (
				3257DED4171069F600C32F61 /* InfoPlist.strings in Resources */,
				3257DEDC171069F600C32F61 /* Default.png in Resources */,
				3257DEDE171069F600C32F61 /* Default@2x.png in Resources */,
				3257DEE0171069F600C32F61 /* Default-568h@2x.png in Resources */,
				3257DEE9171069F600C32F61 /* HNAMasterViewController.xib in Resources */,
				3257DEEC171069F600C32F61 /* HNADetailViewController.xib in Resources */,
			);
			runOnlyForDeploymentPostprocessing = 0;
		};
/* End PBXResourcesBuildPhase section */

/* Begin PBXSourcesBuildPhase section */
		3257DEC1171069F600C32F61 /* Sources */ = {
			isa = PBXSourcesBuildPhase;
			buildActionMask = 2147483647;
			files = (
				3257DED6171069F600C32F61 /* main.m in Sources */,
				3257DEDA171069F600C32F61 /* HNAAppDelegate.m in Sources */,
				3257DEE3171069F600C32F61 /* HNAMasterViewController.m in Sources */,
				3257DEE6171069F600C32F61 /* HNADetailViewController.m in Sources */,
				3257DEF417106B4200C32F61 /* HNARSSEntry.m in Sources */,
				32DCF4E7171083FD00E5DED2 /* ASIAuthenticationDialog.m in Sources */,
				32DCF4E8171083FD00E5DED2 /* ASIDataCompressor.m in Sources */,
				32DCF4E9171083FD00E5DED2 /* ASIDataDecompressor.m in Sources */,
				32DCF4EA171083FD00E5DED2 /* ASIDownloadCache.m in Sources */,
				32DCF4EB171083FD00E5DED2 /* ASIFormDataRequest.m in Sources */,
				32DCF4EC171083FD00E5DED2 /* ASIHTTPRequest.m in Sources */,
				32DCF4ED171083FD00E5DED2 /* ASIInputStream.m in Sources */,
				32DCF4EE171083FD00E5DED2 /* ASINetworkQueue.m in Sources */,
				32DCF4F11710843500E5DED2 /* Reachability.m in Sources */,
			);
			runOnlyForDeploymentPostprocessing = 0;
		};
/* End PBXSourcesBuildPhase section */

/* Begin PBXVariantGroup section */
		3257DED2171069F600C32F61 /* InfoPlist.strings */ = {
			isa = PBXVariantGroup;
			children = (
				3257DED3171069F600C32F61 /* en */,
			);
			name = InfoPlist.strings;
			sourceTree = "<group>";
		};
		3257DEE7171069F600C32F61 /* HNAMasterViewController.xib */ = {
			isa = PBXVariantGroup;
			children = (
				3257DEE8171069F600C32F61 /* en */,
			);
			name = HNAMasterViewController.xib;
			sourceTree = "<group>";
		};
		3257DEEA171069F600C32F61 /* HNADetailViewController.xib */ = {
			isa = PBXVariantGroup;
			children = (
				3257DEEB171069F600C32F61 /* en */,
			);
			name = HNADetailViewController.xib;
			sourceTree = "<group>";
		};
/* End PBXVariantGroup section */

/* Begin XCBuildConfiguration section */
		3257DEED171069F600C32F61 /* Debug */ = {
			isa = XCBuildConfiguration;
			buildSettings = {
				ALWAYS_SEARCH_USER_PATHS = NO;
				CLANG_CXX_LANGUAGE_STANDARD = "gnu++0x";
				CLANG_CXX_LIBRARY = "libc++";
				CLANG_WARN_EMPTY_BODY = YES;
				CLANG_WARN__DUPLICATE_METHOD_MATCH = YES;
				"CODE_SIGN_IDENTITY[sdk=iphoneos*]" = "iPhone Developer";
				COPY_PHASE_STRIP = NO;
				GCC_C_LANGUAGE_STANDARD = gnu99;
				GCC_DYNAMIC_NO_PIC = NO;
				GCC_OPTIMIZATION_LEVEL = 0;
				GCC_PREPROCESSOR_DEFINITIONS = (
					"DEBUG=1",
					"$(inherited)",
				);
				GCC_SYMBOLS_PRIVATE_EXTERN = NO;
				GCC_WARN_ABOUT_RETURN_TYPE = YES;
				GCC_WARN_UNINITIALIZED_AUTOS = YES;
				GCC_WARN_UNUSED_VARIABLE = YES;
				IPHONEOS_DEPLOYMENT_TARGET = 6.0;
				ONLY_ACTIVE_ARCH = YES;
				SDKROOT = iphoneos;
			};
			name = Debug;
		};
		3257DEEE171069F600C32F61 /* Release */ = {
			isa = XCBuildConfiguration;
			buildSettings = {
				ALWAYS_SEARCH_USER_PATHS = NO;
				CLANG_CXX_LANGUAGE_STANDARD = "gnu++0x";
				CLANG_CXX_LIBRARY = "libc++";
				CLANG_WARN_EMPTY_BODY = YES;
				CLANG_WARN__DUPLICATE_METHOD_MATCH = YES;
				"CODE_SIGN_IDENTITY[sdk=iphoneos*]" = "iPhone Developer";
				COPY_PHASE_STRIP = YES;
				GCC_C_LANGUAGE_STANDARD = gnu99;
				GCC_WARN_ABOUT_RETURN_TYPE = YES;
				GCC_WARN_UNINITIALIZED_AUTOS = YES;
				GCC_WARN_UNUSED_VARIABLE = YES;
				IPHONEOS_DEPLOYMENT_TARGET = 6.0;
				OTHER_CFLAGS = "-DNS_BLOCK_ASSERTIONS=1";
				SDKROOT = iphoneos;
				VALIDATE_PRODUCT = YES;
			};
			name = Release;
		};
		3257DEF0171069F600C32F61 /* Debug */ = {
			isa = XCBuildConfiguration;
			buildSettings = {
				GCC_PRECOMPILE_PREFIX_HEADER = YES;
				GCC_PREFIX_HEADER = "RSSReaderDemo/RSSReaderDemo-Prefix.pch";
				INFOPLIST_FILE = "RSSReaderDemo/RSSReaderDemo-Info.plist";
				IPHONEOS_DEPLOYMENT_TARGET = 5.1;
				PRODUCT_NAME = "$(TARGET_NAME)";
				WRAPPER_EXTENSION = app;
			};
			name = Debug;
		};
		3257DEF1171069F600C32F61 /* Release */ = {
			isa = XCBuildConfiguration;
			buildSettings = {
				GCC_PRECOMPILE_PREFIX_HEADER = YES;
				GCC_PREFIX_HEADER = "RSSReaderDemo/RSSReaderDemo-Prefix.pch";
				INFOPLIST_FILE = "RSSReaderDemo/RSSReaderDemo-Info.plist";
				IPHONEOS_DEPLOYMENT_TARGET = 5.1;
				PRODUCT_NAME = "$(TARGET_NAME)";
				WRAPPER_EXTENSION = app;
			};
			name = Release;
		};
/* End XCBuildConfiguration section */

/* Begin XCConfigurationList section */
		3257DEBF171069F500C32F61 /* Build configuration list for PBXProject "RSSReaderDemo" */ = {
			isa = XCConfigurationList;
			buildConfigurations = (
				3257DEED171069F600C32F61 /* Debug */,
				3257DEEE171069F600C32F61 /* Release */,
			);
			defaultConfigurationIsVisible = 0;
			defaultConfigurationName = Release;
		};
		3257DEEF171069F600C32F61 /* Build configuration list for PBXNativeTarget "RSSReaderDemo" */ = {
			isa = XCConfigurationList;
			buildConfigurations = (
				3257DEF0171069F600C32F61 /* Debug */,
				3257DEF1171069F600C32F61 /* Release */,
			);
			defaultConfigurationIsVisible = 0;
			defaultConfigurationName = Release;
		};
/* End XCConfigurationList section */
	};
	rootObject = 3257DEBC171069F500C32F61 /* Project object */;
}
